
Microsoft Visual Studio Solution File, Format Version 12.00
# Visual Studio Version 16
VisualStudioVersion = 16.0.32002.261
MinimumVisualStudioVersion = 10.0.40219.1
Project("{8BC9CEB8-8B4A-11D0-8D11-00A0C91BC942}") = "TETRA", "TETRA.vcxproj", "{FAA9D018-48FC-40C0-947E-61A9069DFAE4}"
EndProject
Global
	GlobalSection(SolutionConfigurationPlatforms) = preSolution
		Debug|x64 = Debug|x64
		Debug|x86 = Debug|x86
		Release|x64 = Release|x64
		Release|x86 = Release|x86
	EndGlobalSection
	GlobalSection(ProjectConfigurationPlatforms) = postSolution
		{FAA9D018-48FC-40C0-947E-61A9069DFAE4}.Debug|x64.ActiveCfg = Debug|x64
		{FAA9D018-48FC-40C0-947E-61A9069DFAE4}.Debug|x64.Build.0 = Debug|x64
		{FAA9D018-48FC-40C0-947E-61A9069DFAE4}.Debug|x86.ActiveCfg = Debug|Win32
		{FAA9D018-48FC-40C0-947E-61A9069DFAE4}.Debug|x86.Build.0 = Debug|Win32
		{FAA9D018-48FC-40C0-947E-61A9069DFAE4}.Release|x64.ActiveCfg = Release|x64
		{FAA9D018-48FC-40C0-947E-61A9069DFAE4}.Release|x64.Build.0 = Release|x64
		{FAA9D018-48FC-40C0-947E-61A9069DFAE4}.Release|x86.ActiveCfg = Release|Win32
		{FAA9D018-48FC-40C0-947E-61A9069DFAE4}.Release|x86.Build.0 = Release|Win32
	EndGlobalSection
	GlobalSection(SolutionProperties) = preSolution
		HideSolutionNode = FALSE
	EndGlobalSection
	GlobalSection(ExtensibilityGlobals) = postSolution
		SolutionGuid = {0C67A2B6-41BB-41FF-8E9C-E82C45F5C437}
	EndGlobalSection
EndGlobal
